// !$*UTF8*$!
{
	archiveVersion = 1;
	classes = {
	};
	objectVersion = 56;
	objects = {

/* Begin PBXBuildFile section */
		9FA4FF7E2B96ACAC000AF902 /* AppDelegate.swift in Sources */ = {isa = PBXBuildFile; fileRef = 9FA4FF7D2B96ACAC000AF902 /* AppDelegate.swift */; };
		9FA4FF802B96ACAC000AF902 /* SceneDelegate.swift in Sources */ = {isa = PBXBuildFile; fileRef = 9FA4FF7F2B96ACAC000AF902 /* SceneDelegate.swift */; };
		9FA4FF822B96ACAC000AF902 /* ViewController.swift in Sources */ = {isa = PBXBuildFile; fileRef = 9FA4FF812B96ACAC000AF902 /* ViewController.swift */; };
		9FA4FF852B96ACAC000AF902 /* Main.storyboard in Resources */ = {isa = PBXBuildFile; fileRef = 9FA4FF832B96ACAC000AF902 /* Main.storyboard */; };
		9FA4FF872B96ACAF000AF902 /* Assets.xcassets in Resources */ = {isa = PBXBuildFile; fileRef = 9FA4FF862B96ACAF000AF902 /* Assets.xcassets */; };
		9FA4FF8A2B96ACAF000AF902 /* LaunchScreen.storyboard in Resources */ = {isa = PBXBuildFile; fileRef = 9FA4FF882B96ACAF000AF902 /* LaunchScreen.storyboard */; };
		9FA4FF932B96ACD2000AF902 /* Utils.swift in Sources */ = {isa = PBXBuildFile; fileRef = 9FA4FF922B96ACD2000AF902 /* Utils.swift */; };
		9FA4FF952B96AD1F000AF902 /* AppCoordinator.swift in Sources */ = {isa = PBXBuildFile; fileRef = 9FA4FF942B96AD1F000AF902 /* AppCoordinator.swift */; };
		9FA4FF982B96B006000AF902 /* NotesViewController.swift in Sources */ = {isa = PBXBuildFile; fileRef = 9FA4FF972B96B006000AF902 /* NotesViewController.swift */; };
		9FA4FF9A2B96B017000AF902 /* NotesViewModel.swift in Sources */ = {isa = PBXBuildFile; fileRef = 9FA4FF992B96B017000AF902 /* NotesViewModel.swift */; };
		9FA4FF9C2B96B025000AF902 /* NotesCoordinator.swift in Sources */ = {isa = PBXBuildFile; fileRef = 9FA4FF9B2B96B025000AF902 /* NotesCoordinator.swift */; };
		9FB03E6F2B9FE6DE007D67E6 /* RegisterTaskViewModel.swift in Sources */ = {isa = PBXBuildFile; fileRef = 9FB03E6E2B9FE6DE007D67E6 /* RegisterTaskViewModel.swift */; };
		9FB03E712B9FE6EE007D67E6 /* RegisterTaskViewController.swift in Sources */ = {isa = PBXBuildFile; fileRef = 9FB03E702B9FE6EE007D67E6 /* RegisterTaskViewController.swift */; };
		9FB03E732B9FE703007D67E6 /* RegisterTaskCoordinator.swift in Sources */ = {isa = PBXBuildFile; fileRef = 9FB03E722B9FE703007D67E6 /* RegisterTaskCoordinator.swift */; };
		F884055D2B96C0F900DF1F55 /* NotesCollectionView.swift in Sources */ = {isa = PBXBuildFile; fileRef = F884055C2B96C0F900DF1F55 /* NotesCollectionView.swift */; };
		F884055F2B96C11800DF1F55 /* NotesCollectionViewCell.swift in Sources */ = {isa = PBXBuildFile; fileRef = F884055E2B96C11800DF1F55 /* NotesCollectionViewCell.swift */; };
		F88405622B96C46200DF1F55 /* TaskModel.swift in Sources */ = {isa = PBXBuildFile; fileRef = F88405612B96C46200DF1F55 /* TaskModel.swift */; };
		F88405642B96C58900DF1F55 /* Status.swift in Sources */ = {isa = PBXBuildFile; fileRef = F88405632B96C58900DF1F55 /* Status.swift */; };
		F88405662B96C59A00DF1F55 /* Priority.swift in Sources */ = {isa = PBXBuildFile; fileRef = F88405652B96C59A00DF1F55 /* Priority.swift */; };
		F88405692B96CAAC00DF1F55 /* DataBase.swift in Sources */ = {isa = PBXBuildFile; fileRef = F88405682B96CAAC00DF1F55 /* DataBase.swift */; };
		F884056B2B96CDDB00DF1F55 /* DataBaseKeys.swift in Sources */ = {isa = PBXBuildFile; fileRef = F884056A2B96CDDA00DF1F55 /* DataBaseKeys.swift */; };
/* End PBXBuildFile section */

/* Begin PBXFileReference section */
		9FA4FF7A2B96ACAC000AF902 /* NotesApp.app */ = {isa = PBXFileReference; explicitFileType = wrapper.application; includeInIndex = 0; path = NotesApp.app; sourceTree = BUILT_PRODUCTS_DIR; };
		9FA4FF7D2B96ACAC000AF902 /* AppDelegate.swift */ = {isa = PBXFileReference; lastKnownFileType = sourcecode.swift; path = AppDelegate.swift; sourceTree = "<group>"; };
		9FA4FF7F2B96ACAC000AF902 /* SceneDelegate.swift */ = {isa = PBXFileReference; lastKnownFileType = sourcecode.swift; path = SceneDelegate.swift; sourceTree = "<group>"; };
		9FA4FF812B96ACAC000AF902 /* ViewController.swift */ = {isa = PBXFileReference; lastKnownFileType = sourcecode.swift; path = ViewController.swift; sourceTree = "<group>"; };
		9FA4FF842B96ACAC000AF902 /* Base */ = {isa = PBXFileReference; lastKnownFileType = file.storyboard; name = Base; path = Base.lproj/Main.storyboard; sourceTree = "<group>"; };
		9FA4FF862B96ACAF000AF902 /* Assets.xcassets */ = {isa = PBXFileReference; lastKnownFileType = folder.assetcatalog; path = Assets.xcassets; sourceTree = "<group>"; };
		9FA4FF892B96ACAF000AF902 /* Base */ = {isa = PBXFileReference; lastKnownFileType = file.storyboard; name = Base; path = Base.lproj/LaunchScreen.storyboard; sourceTree = "<group>"; };
		9FA4FF8B2B96ACAF000AF902 /* Info.plist */ = {isa = PBXFileReference; lastKnownFileType = text.plist.xml; path = Info.plist; sourceTree = "<group>"; };
		9FA4FF922B96ACD2000AF902 /* Utils.swift */ = {isa = PBXFileReference; lastKnownFileType = sourcecode.swift; path = Utils.swift; sourceTree = "<group>"; };
		9FA4FF942B96AD1F000AF902 /* AppCoordinator.swift */ = {isa = PBXFileReference; lastKnownFileType = sourcecode.swift; path = AppCoordinator.swift; sourceTree = "<group>"; };
		9FA4FF972B96B006000AF902 /* NotesViewController.swift */ = {isa = PBXFileReference; lastKnownFileType = sourcecode.swift; path = NotesViewController.swift; sourceTree = "<group>"; };
		9FA4FF992B96B017000AF902 /* NotesViewModel.swift */ = {isa = PBXFileReference; lastKnownFileType = sourcecode.swift; path = NotesViewModel.swift; sourceTree = "<group>"; };
		9FA4FF9B2B96B025000AF902 /* NotesCoordinator.swift */ = {isa = PBXFileReference; lastKnownFileType = sourcecode.swift; path = NotesCoordinator.swift; sourceTree = "<group>"; };
		9FB03E6E2B9FE6DE007D67E6 /* RegisterTaskViewModel.swift */ = {isa = PBXFileReference; lastKnownFileType = sourcecode.swift; path = RegisterTaskViewModel.swift; sourceTree = "<group>"; };
		9FB03E702B9FE6EE007D67E6 /* RegisterTaskViewController.swift */ = {isa = PBXFileReference; lastKnownFileType = sourcecode.swift; path = RegisterTaskViewController.swift; sourceTree = "<group>"; };
		9FB03E722B9FE703007D67E6 /* RegisterTaskCoordinator.swift */ = {isa = PBXFileReference; lastKnownFileType = sourcecode.swift; path = RegisterTaskCoordinator.swift; sourceTree = "<group>"; };
		F884055C2B96C0F900DF1F55 /* NotesCollectionView.swift */ = {isa = PBXFileReference; lastKnownFileType = sourcecode.swift; path = NotesCollectionView.swift; sourceTree = "<group>"; };
		F884055E2B96C11800DF1F55 /* NotesCollectionViewCell.swift */ = {isa = PBXFileReference; lastKnownFileType = sourcecode.swift; path = NotesCollectionViewCell.swift; sourceTree = "<group>"; };
		F88405612B96C46200DF1F55 /* TaskModel.swift */ = {isa = PBXFileReference; lastKnownFileType = sourcecode.swift; path = TaskModel.swift; sourceTree = "<group>"; };
		F88405632B96C58900DF1F55 /* Status.swift */ = {isa = PBXFileReference; lastKnownFileType = sourcecode.swift; path = Status.swift; sourceTree = "<group>"; };
		F88405652B96C59A00DF1F55 /* Priority.swift */ = {isa = PBXFileReference; lastKnownFileType = sourcecode.swift; path = Priority.swift; sourceTree = "<group>"; };
		F88405682B96CAAC00DF1F55 /* DataBase.swift */ = {isa = PBXFileReference; lastKnownFileType = sourcecode.swift; path = DataBase.swift; sourceTree = "<group>"; };
		F884056A2B96CDDA00DF1F55 /* DataBaseKeys.swift */ = {isa = PBXFileReference; lastKnownFileType = sourcecode.swift; path = DataBaseKeys.swift; sourceTree = "<group>"; };
/* End PBXFileReference section */

/* Begin PBXFrameworksBuildPhase section */
		9FA4FF772B96ACAC000AF902 /* Frameworks */ = {
			isa = PBXFrameworksBuildPhase;
			buildActionMask = 2147483647;
			files = (
			);
			runOnlyForDeploymentPostprocessing = 0;
		};
/* End PBXFrameworksBuildPhase section */

/* Begin PBXGroup section */
		9FA4FF712B96ACAC000AF902 = {
			isa = PBXGroup;
			children = (
				9FA4FF7C2B96ACAC000AF902 /* NotesApp */,
				9FA4FF7B2B96ACAC000AF902 /* Products */,
			);
			sourceTree = "<group>";
		};
		9FA4FF7B2B96ACAC000AF902 /* Products */ = {
			isa = PBXGroup;
			children = (
				9FA4FF7A2B96ACAC000AF902 /* NotesApp.app */,
			);
			name = Products;
			sourceTree = "<group>";
		};
		9FA4FF7C2B96ACAC000AF902 /* NotesApp */ = {
			isa = PBXGroup;
			children = (
				9FA4FF7D2B96ACAC000AF902 /* AppDelegate.swift */,
				9FA4FF942B96AD1F000AF902 /* AppCoordinator.swift */,
				9FA4FF912B96ACC4000AF902 /* Uitls */,
				9FA4FF7F2B96ACAC000AF902 /* SceneDelegate.swift */,
				9FA4FF962B96AFBC000AF902 /* NotesView */,
				9FA4FF812B96ACAC000AF902 /* ViewController.swift */,
				9FA4FF832B96ACAC000AF902 /* Main.storyboard */,
				9FA4FF862B96ACAF000AF902 /* Assets.xcassets */,
				9FA4FF882B96ACAF000AF902 /* LaunchScreen.storyboard */,
				9FA4FF8B2B96ACAF000AF902 /* Info.plist */,
			);
			path = NotesApp;
			sourceTree = "<group>";
		};
		9FA4FF912B96ACC4000AF902 /* Uitls */ = {
			isa = PBXGroup;
			children = (
				9FA4FF922B96ACD2000AF902 /* Utils.swift */,
			);
			path = Uitls;
			sourceTree = "<group>";
		};
		9FA4FF962B96AFBC000AF902 /* NotesView */ = {
			isa = PBXGroup;
			children = (
				F88405672B96CA8B00DF1F55 /* DataBase */,
				F88405602B96C43F00DF1F55 /* Model */,
				F884055B2B96C0AD00DF1F55 /* Notes */,
				9FA4FF992B96B017000AF902 /* NotesViewModel.swift */,
				9FA4FF9B2B96B025000AF902 /* NotesCoordinator.swift */,
				9FA4FF972B96B006000AF902 /* NotesViewController.swift */,
				9FB03E6D2B9FE63F007D67E6 /* TaskRegister */,
			);
			path = NotesView;
			sourceTree = "<group>";
		};
		9FB03E6D2B9FE63F007D67E6 /* TaskRegister */ = {
			isa = PBXGroup;
			children = (
				9FB03E6E2B9FE6DE007D67E6 /* RegisterTaskViewModel.swift */,
				9FB03E702B9FE6EE007D67E6 /* RegisterTaskViewController.swift */,
				9FB03E722B9FE703007D67E6 /* RegisterTaskCoordinator.swift */,
			);
			path = TaskRegister;
			sourceTree = "<group>";
		};
		F884055B2B96C0AD00DF1F55 /* Notes */ = {
			isa = PBXGroup;
			children = (
				F884055C2B96C0F900DF1F55 /* NotesCollectionView.swift */,
				F884055E2B96C11800DF1F55 /* NotesCollectionViewCell.swift */,
			);
			path = Notes;
			sourceTree = "<group>";
		};
		F88405602B96C43F00DF1F55 /* Model */ = {
			isa = PBXGroup;
			children = (
				F88405612B96C46200DF1F55 /* TaskModel.swift */,
				F88405632B96C58900DF1F55 /* Status.swift */,
				F88405652B96C59A00DF1F55 /* Priority.swift */,
			);
			path = Model;
			sourceTree = "<group>";
		};
		F88405672B96CA8B00DF1F55 /* DataBase */ = {
			isa = PBXGroup;
			children = (
				F88405682B96CAAC00DF1F55 /* DataBase.swift */,
				F884056A2B96CDDA00DF1F55 /* DataBaseKeys.swift */,
			);
			path = DataBase;
			sourceTree = "<group>";
		};
/* End PBXGroup section */

/* Begin PBXNativeTarget section */
		9FA4FF792B96ACAC000AF902 /* NotesApp */ = {
			isa = PBXNativeTarget;
			buildConfigurationList = 9FA4FF8E2B96ACAF000AF902 /* Build configuration list for PBXNativeTarget "NotesApp" */;
			buildPhases = (
				9FA4FF762B96ACAC000AF902 /* Sources */,
				9FA4FF772B96ACAC000AF902 /* Frameworks */,
				9FA4FF782B96ACAC000AF902 /* Resources */,
			);
			buildRules = (
			);
			dependencies = (
			);
			name = NotesApp;
			productName = NotesApp;
			productReference = 9FA4FF7A2B96ACAC000AF902 /* NotesApp.app */;
			productType = "com.apple.product-type.application";
		};
/* End PBXNativeTarget section */

/* Begin PBXProject section */
		9FA4FF722B96ACAC000AF902 /* Project object */ = {
			isa = PBXProject;
			attributes = {
				BuildIndependentTargetsInParallel = 1;
				LastSwiftUpdateCheck = 1510;
				LastUpgradeCheck = 1510;
				TargetAttributes = {
					9FA4FF792B96ACAC000AF902 = {
						CreatedOnToolsVersion = 15.1;
					};
				};
			};
			buildConfigurationList = 9FA4FF752B96ACAC000AF902 /* Build configuration list for PBXProject "NotesApp" */;
			compatibilityVersion = "Xcode 14.0";
			developmentRegion = en;
			hasScannedForEncodings = 0;
			knownRegions = (
				en,
				Base,
			);
			mainGroup = 9FA4FF712B96ACAC000AF902;
			productRefGroup = 9FA4FF7B2B96ACAC000AF902 /* Products */;
			projectDirPath = "";
			projectRoot = "";
			targets = (
				9FA4FF792B96ACAC000AF902 /* NotesApp */,
			);
		};
/* End PBXProject section */

/* Begin PBXResourcesBuildPhase section */
		9FA4FF782B96ACAC000AF902 /* Resources */ = {
			isa = PBXResourcesBuildPhase;
			buildActionMask = 2147483647;
			files = (
				9FA4FF8A2B96ACAF000AF902 /* LaunchScreen.storyboard in Resources */,
				9FA4FF872B96ACAF000AF902 /* Assets.xcassets in Resources */,
				9FA4FF852B96ACAC000AF902 /* Main.storyboard in Resources */,
			);
			runOnlyForDeploymentPostprocessing = 0;
		};
/* End PBXResourcesBuildPhase section */

/* Begin PBXSourcesBuildPhase section */
		9FA4FF762B96ACAC000AF902 /* Sources */ = {
			isa = PBXSourcesBuildPhase;
			buildActionMask = 2147483647;
			files = (
				F884056B2B96CDDB00DF1F55 /* DataBaseKeys.swift in Sources */,
				9FA4FF822B96ACAC000AF902 /* ViewController.swift in Sources */,
				9FA4FF9A2B96B017000AF902 /* NotesViewModel.swift in Sources */,
				9FA4FF7E2B96ACAC000AF902 /* AppDelegate.swift in Sources */,
				9FA4FF982B96B006000AF902 /* NotesViewController.swift in Sources */,
				F88405692B96CAAC00DF1F55 /* DataBase.swift in Sources */,
				F88405622B96C46200DF1F55 /* TaskModel.swift in Sources */,
				9FA4FF952B96AD1F000AF902 /* AppCoordinator.swift in Sources */,
				F884055D2B96C0F900DF1F55 /* NotesCollectionView.swift in Sources */,
				9FA4FF802B96ACAC000AF902 /* SceneDelegate.swift in Sources */,
				9FB03E6F2B9FE6DE007D67E6 /* RegisterTaskViewModel.swift in Sources */,
				9FA4FF9C2B96B025000AF902 /* NotesCoordinator.swift in Sources */,
				F884055F2B96C11800DF1F55 /* NotesCollectionViewCell.swift in Sources */,
				F88405662B96C59A00DF1F55 /* Priority.swift in Sources */,
				9FB03E732B9FE703007D67E6 /* RegisterTaskCoordinator.swift in Sources */,
				9FA4FF932B96ACD2000AF902 /* Utils.swift in Sources */,
				F88405642B96C58900DF1F55 /* Status.swift in Sources */,
				9FB03E712B9FE6EE007D67E6 /* RegisterTaskViewController.swift in Sources */,
			);
			runOnlyForDeploymentPostprocessing = 0;
		};
/* End PBXSourcesBuildPhase section */

/* Begin PBXVariantGroup section */
		9FA4FF832B96ACAC000AF902 /* Main.storyboard */ = {
			isa = PBXVariantGroup;
			children = (
				9FA4FF842B96ACAC000AF902 /* Base */,
			);
			name = Main.storyboard;
			sourceTree = "<group>";
		};
		9FA4FF882B96ACAF000AF902 /* LaunchScreen.storyboard */ = {
			isa = PBXVariantGroup;
			children = (
				9FA4FF892B96ACAF000AF902 /* Base */,
			);
			name = LaunchScreen.storyboard;
			sourceTree = "<group>";
		};
/* End PBXVariantGroup section */

/* Begin XCBuildConfiguration section */
		9FA4FF8C2B96ACAF000AF902 /* Debug */ = {
			isa = XCBuildConfiguration;
			buildSettings = {
				ALWAYS_SEARCH_USER_PATHS = NO;
				ASSETCATALOG_COMPILER_GENERATE_SWIFT_ASSET_SYMBOL_EXTENSIONS = YES;
				CLANG_ANALYZER_NONNULL = YES;
				CLANG_ANALYZER_NUMBER_OBJECT_CONVERSION = YES_AGGRESSIVE;
				CLANG_CXX_LANGUAGE_STANDARD = "gnu++20";
				CLANG_ENABLE_MODULES = YES;
				CLANG_ENABLE_OBJC_ARC = YES;
				CLANG_ENABLE_OBJC_WEAK = YES;
				CLANG_WARN_BLOCK_CAPTURE_AUTORELEASING = YES;
				CLANG_WARN_BOOL_CONVERSION = YES;
				CLANG_WARN_COMMA = YES;
				CLANG_WARN_CONSTANT_CONVERSION = YES;
				CLANG_WARN_DEPRECATED_OBJC_IMPLEMENTATIONS = YES;
				CLANG_WARN_DIRECT_OBJC_ISA_USAGE = YES_ERROR;
				CLANG_WARN_DOCUMENTATION_COMMENTS = YES;
				CLANG_WARN_EMPTY_BODY = YES;
				CLANG_WARN_ENUM_CONVERSION = YES;
				CLANG_WARN_INFINITE_RECURSION = YES;
				CLANG_WARN_INT_CONVERSION = YES;
				CLANG_WARN_NON_LITERAL_NULL_CONVERSION = YES;
				CLANG_WARN_OBJC_IMPLICIT_RETAIN_SELF = YES;
				CLANG_WARN_OBJC_LITERAL_CONVERSION = YES;
				CLANG_WARN_OBJC_ROOT_CLASS = YES_ERROR;
				CLANG_WARN_QUOTED_INCLUDE_IN_FRAMEWORK_HEADER = YES;
				CLANG_WARN_RANGE_LOOP_ANALYSIS = YES;
				CLANG_WARN_STRICT_PROTOTYPES = YES;
				CLANG_WARN_SUSPICIOUS_MOVE = YES;
				CLANG_WARN_UNGUARDED_AVAILABILITY = YES_AGGRESSIVE;
				CLANG_WARN_UNREACHABLE_CODE = YES;
				CLANG_WARN__DUPLICATE_METHOD_MATCH = YES;
				COPY_PHASE_STRIP = NO;
				DEBUG_INFORMATION_FORMAT = dwarf;
				ENABLE_STRICT_OBJC_MSGSEND = YES;
				ENABLE_TESTABILITY = YES;
				ENABLE_USER_SCRIPT_SANDBOXING = YES;
				GCC_C_LANGUAGE_STANDARD = gnu17;
				GCC_DYNAMIC_NO_PIC = NO;
				GCC_NO_COMMON_BLOCKS = YES;
				GCC_OPTIMIZATION_LEVEL = 0;
				GCC_PREPROCESSOR_DEFINITIONS = (
					"DEBUG=1",
					"$(inherited)",
				);
				GCC_WARN_64_TO_32_BIT_CONVERSION = YES;
				GCC_WARN_ABOUT_RETURN_TYPE = YES_ERROR;
				GCC_WARN_UNDECLARED_SELECTOR = YES;
				GCC_WARN_UNINITIALIZED_AUTOS = YES_AGGRESSIVE;
				GCC_WARN_UNUSED_FUNCTION = YES;
				GCC_WARN_UNUSED_VARIABLE = YES;
				IPHONEOS_DEPLOYMENT_TARGET = 17.2;
				LOCALIZATION_PREFERS_STRING_CATALOGS = YES;
				MTL_ENABLE_DEBUG_INFO = INCLUDE_SOURCE;
				MTL_FAST_MATH = YES;
				ONLY_ACTIVE_ARCH = YES;
				SDKROOT = iphoneos;
				SWIFT_ACTIVE_COMPILATION_CONDITIONS = "DEBUG $(inherited)";
				SWIFT_OPTIMIZATION_LEVEL = "-Onone";
			};
			name = Debug;
		};
		9FA4FF8D2B96ACAF000AF902 /* Release */ = {
			isa = XCBuildConfiguration;
			buildSettings = {
				ALWAYS_SEARCH_USER_PATHS = NO;
				ASSETCATALOG_COMPILER_GENERATE_SWIFT_ASSET_SYMBOL_EXTENSIONS = YES;
				CLANG_ANALYZER_NONNULL = YES;
				CLANG_ANALYZER_NUMBER_OBJECT_CONVERSION = YES_AGGRESSIVE;
				CLANG_CXX_LANGUAGE_STANDARD = "gnu++20";
				CLANG_ENABLE_MODULES = YES;
				CLANG_ENABLE_OBJC_ARC = YES;
				CLANG_ENABLE_OBJC_WEAK = YES;
				CLANG_WARN_BLOCK_CAPTURE_AUTORELEASING = YES;
				CLANG_WARN_BOOL_CONVERSION = YES;
				CLANG_WARN_COMMA = YES;
				CLANG_WARN_CONSTANT_CONVERSION = YES;
				CLANG_WARN_DEPRECATED_OBJC_IMPLEMENTATIONS = YES;
				CLANG_WARN_DIRECT_OBJC_ISA_USAGE = YES_ERROR;
				CLANG_WARN_DOCUMENTATION_COMMENTS = YES;
				CLANG_WARN_EMPTY_BODY = YES;
				CLANG_WARN_ENUM_CONVERSION = YES;
				CLANG_WARN_INFINITE_RECURSION = YES;
				CLANG_WARN_INT_CONVERSION = YES;
				CLANG_WARN_NON_LITERAL_NULL_CONVERSION = YES;
				CLANG_WARN_OBJC_IMPLICIT_RETAIN_SELF = YES;
				CLANG_WARN_OBJC_LITERAL_CONVERSION = YES;
				CLANG_WARN_OBJC_ROOT_CLASS = YES_ERROR;
				CLANG_WARN_QUOTED_INCLUDE_IN_FRAMEWORK_HEADER = YES;
				CLANG_WARN_RANGE_LOOP_ANALYSIS = YES;
				CLANG_WARN_STRICT_PROTOTYPES = YES;
				CLANG_WARN_SUSPICIOUS_MOVE = YES;
				CLANG_WARN_UNGUARDED_AVAILABILITY = YES_AGGRESSIVE;
				CLANG_WARN_UNREACHABLE_CODE = YES;
				CLANG_WARN__DUPLICATE_METHOD_MATCH = YES;
				COPY_PHASE_STRIP = NO;
				DEBUG_INFORMATION_FORMAT = "dwarf-with-dsym";
				ENABLE_NS_ASSERTIONS = NO;
				ENABLE_STRICT_OBJC_MSGSEND = YES;
				ENABLE_USER_SCRIPT_SANDBOXING = YES;
				GCC_C_LANGUAGE_STANDARD = gnu17;
				GCC_NO_COMMON_BLOCKS = YES;
				GCC_WARN_64_TO_32_BIT_CONVERSION = YES;
				GCC_WARN_ABOUT_RETURN_TYPE = YES_ERROR;
				GCC_WARN_UNDECLARED_SELECTOR = YES;
				GCC_WARN_UNINITIALIZED_AUTOS = YES_AGGRESSIVE;
				GCC_WARN_UNUSED_FUNCTION = YES;
				GCC_WARN_UNUSED_VARIABLE = YES;
				IPHONEOS_DEPLOYMENT_TARGET = 17.2;
				LOCALIZATION_PREFERS_STRING_CATALOGS = YES;
				MTL_ENABLE_DEBUG_INFO = NO;
				MTL_FAST_MATH = YES;
				SDKROOT = iphoneos;
				SWIFT_COMPILATION_MODE = wholemodule;
				VALIDATE_PRODUCT = YES;
			};
			name = Release;
		};
		9FA4FF8F2B96ACAF000AF902 /* Debug */ = {
			isa = XCBuildConfiguration;
			buildSettings = {
				ASSETCATALOG_COMPILER_APPICON_NAME = AppIcon;
				ASSETCATALOG_COMPILER_GLOBAL_ACCENT_COLOR_NAME = AccentColor;
				CODE_SIGN_STYLE = Automatic;
				CURRENT_PROJECT_VERSION = 1;
				DEVELOPMENT_TEAM = R2PX2WMZ3M;
				GENERATE_INFOPLIST_FILE = YES;
				INFOPLIST_FILE = NotesApp/Info.plist;
				INFOPLIST_KEY_UIApplicationSupportsIndirectInputEvents = YES;
				INFOPLIST_KEY_UILaunchStoryboardName = LaunchScreen;
				INFOPLIST_KEY_UIMainStoryboardFile = Main;
				INFOPLIST_KEY_UISupportedInterfaceOrientations_iPad = "UIInterfaceOrientationPortrait UIInterfaceOrientationPortraitUpsideDown UIInterfaceOrientationLandscapeLeft UIInterfaceOrientationLandscapeRight";
				INFOPLIST_KEY_UISupportedInterfaceOrientations_iPhone = "UIInterfaceOrientationPortrait UIInterfaceOrientationLandscapeLeft UIInterfaceOrientationLandscapeRight";
				LD_RUNPATH_SEARCH_PATHS = (
					"$(inherited)",
					"@executable_path/Frameworks",
				);
				MARKETING_VERSION = 1.0;
				PRODUCT_BUNDLE_IDENTIFIER = janelly.NotesApp;
				PRODUCT_NAME = "$(TARGET_NAME)";
				SWIFT_EMIT_LOC_STRINGS = YES;
				SWIFT_VERSION = 5.0;
				TARGETED_DEVICE_FAMILY = "1,2";
			};
			name = Debug;
		};
		9FA4FF902B96ACAF000AF902 /* Release */ = {
			isa = XCBuildConfiguration;
			buildSettings = {
				ASSETCATALOG_COMPILER_APPICON_NAME = AppIcon;
				ASSETCATALOG_COMPILER_GLOBAL_ACCENT_COLOR_NAME = AccentColor;
				CODE_SIGN_STYLE = Automatic;
				CURRENT_PROJECT_VERSION = 1;
				DEVELOPMENT_TEAM = R2PX2WMZ3M;
				GENERATE_INFOPLIST_FILE = YES;
				INFOPLIST_FILE = NotesApp/Info.plist;
				INFOPLIST_KEY_UIApplicationSupportsIndirectInputEvents = YES;
				INFOPLIST_KEY_UILaunchStoryboardName = LaunchScreen;
				INFOPLIST_KEY_UIMainStoryboardFile = Main;
				INFOPLIST_KEY_UISupportedInterfaceOrientations_iPad = "UIInterfaceOrientationPortrait UIInterfaceOrientationPortraitUpsideDown UIInterfaceOrientationLandscapeLeft UIInterfaceOrientationLandscapeRight";
				INFOPLIST_KEY_UISupportedInterfaceOrientations_iPhone = "UIInterfaceOrientationPortrait UIInterfaceOrientationLandscapeLeft UIInterfaceOrientationLandscapeRight";
				LD_RUNPATH_SEARCH_PATHS = (
					"$(inherited)",
					"@executable_path/Frameworks",
				);
				MARKETING_VERSION = 1.0;
				PRODUCT_BUNDLE_IDENTIFIER = janelly.NotesApp;
				PRODUCT_NAME = "$(TARGET_NAME)";
				SWIFT_EMIT_LOC_STRINGS = YES;
				SWIFT_VERSION = 5.0;
				TARGETED_DEVICE_FAMILY = "1,2";
			};
			name = Release;
		};
/* End XCBuildConfiguration section */

/* Begin XCConfigurationList section */
		9FA4FF752B96ACAC000AF902 /* Build configuration list for PBXProject "NotesApp" */ = {
			isa = XCConfigurationList;
			buildConfigurations = (
				9FA4FF8C2B96ACAF000AF902 /* Debug */,
				9FA4FF8D2B96ACAF000AF902 /* Release */,
			);
			defaultConfigurationIsVisible = 0;
			defaultConfigurationName = Release;
		};
		9FA4FF8E2B96ACAF000AF902 /* Build configuration list for PBXNativeTarget "NotesApp" */ = {
			isa = XCConfigurationList;
			buildConfigurations = (
				9FA4FF8F2B96ACAF000AF902 /* Debug */,
				9FA4FF902B96ACAF000AF902 /* Release */,
			);
			defaultConfigurationIsVisible = 0;
			defaultConfigurationName = Release;
		};
/* End XCConfigurationList section */
	};
	rootObject = 9FA4FF722B96ACAC000AF902 /* Project object */;
}
